
Microsoft Visual Studio Solution File, Format Version 12.00
# Visual Studio Version 17
VisualStudioVersion = 17.8.34330.188
MinimumVisualStudioVersion = 10.0.40219.1
Project("{8BC9CEB8-8B4A-11D0-8D11-00A0C91BC942}") = "Password generator", "Password generator.vcxproj", "{D8F782BC-6935-4BD0-8141-C924B8FD4FAE}"
EndProject
Global
	GlobalSection(SolutionConfigurationPlatforms) = preSolution
		Debug|x64 = Debug|x64
		Debug|x86 = Debug|x86
		Release|x64 = Release|x64
		Release|x86 = Release|x86
	EndGlobalSection
	GlobalSection(ProjectConfigurationPlatforms) = postSolution
		{D8F782BC-6935-4BD0-8141-C924B8FD4FAE}.Debug|x64.ActiveCfg = Debug|x64
		{D8F782BC-6935-4BD0-8141-C924B8FD4FAE}.Debug|x64.Build.0 = Debug|x64
		{D8F782BC-6935-4BD0-8141-C924B8FD4FAE}.Debug|x86.ActiveCfg = Debug|Win32
		{D8F782BC-6935-4BD0-8141-C924B8FD4FAE}.Debug|x86.Build.0 = Debug|Win32
		{D8F782BC-6935-4BD0-8141-C924B8FD4FAE}.Release|x64.ActiveCfg = Release|x64
		{D8F782BC-6935-4BD0-8141-C924B8FD4FAE}.Release|x64.Build.0 = Release|x64
		{D8F782BC-6935-4BD0-8141-C924B8FD4FAE}.Release|x86.ActiveCfg = Release|Win32
		{D8F782BC-6935-4BD0-8141-C924B8FD4FAE}.Release|x86.Build.0 = Release|Win32
	EndGlobalSection
	GlobalSection(SolutionProperties) = preSolution
		HideSolutionNode = FALSE
	EndGlobalSection
	GlobalSection(ExtensibilityGlobals) = postSolution
		SolutionGuid = {91089BD2-9CE4-4089-9D9C-AFC315FC71EA}
	EndGlobalSection
EndGlobal
